// !$*UTF8*$!
{
	archiveVersion = 1;
	classes = {
	};
	objectVersion = 52;
	objects = {

/* Begin PBXBuildFile section */
		3635E564213D064400C10577 /* EventTableViewCell.swift in Sources */ = {isa = PBXBuildFile; fileRef = 3635E563213D064400C10577 /* EventTableViewCell.swift */; };
		3635E567213D0CD600C10577 /* ActivityIndicator.swift in Sources */ = {isa = PBXBuildFile; fileRef = 3635E566213D0CD600C10577 /* ActivityIndicator.swift */; };
		3635E569213D0CE000C10577 /* ErrorTracker.swift in Sources */ = {isa = PBXBuildFile; fileRef = 3635E568213D0CE000C10577 /* ErrorTracker.swift */; };
		3635E56B213D116200C10577 /* Observable+Extension.swift in Sources */ = {isa = PBXBuildFile; fileRef = 3635E56A213D116200C10577 /* Observable+Extension.swift */; };
		3636B56F213D87E0007AD178 /* UIScroll+Rx.swift in Sources */ = {isa = PBXBuildFile; fileRef = 3636B56E213D87E0007AD178 /* UIScroll+Rx.swift */; };
		3636B571213E398F007AD178 /* UIScroll+Extension.swift in Sources */ = {isa = PBXBuildFile; fileRef = 3636B570213E398F007AD178 /* UIScroll+Extension.swift */; };
		363F86E1213EA8EC00C160A6 /* RepositoryViewController.swift in Sources */ = {isa = PBXBuildFile; fileRef = 363F86E0213EA8EC00C160A6 /* RepositoryViewController.swift */; };
		363F86E3213EA90000C160A6 /* RepositoryViewModel.swift in Sources */ = {isa = PBXBuildFile; fileRef = 363F86E2213EA90000C160A6 /* RepositoryViewModel.swift */; };
		363F86E721401AA100C160A6 /* MainNavigator.swift in Sources */ = {isa = PBXBuildFile; fileRef = 363F86E621401AA100C160A6 /* MainNavigator.swift */; };
		363F86EB21402FBE00C160A6 /* UIViewController+Extensions.swift in Sources */ = {isa = PBXBuildFile; fileRef = 363F86EA21402FBE00C160A6 /* UIViewController+Extensions.swift */; };
		36D27241213A051A00AF0ACE /* FadeTransitionable.swift in Sources */ = {isa = PBXBuildFile; fileRef = 36D27240213A051A00AF0ACE /* FadeTransitionable.swift */; };
		36D27243213A058800AF0ACE /* Reusable.swift in Sources */ = {isa = PBXBuildFile; fileRef = 36D27242213A058800AF0ACE /* Reusable.swift */; };
		36D27246213A05C500AF0ACE /* UITableView+Extensions.swift in Sources */ = {isa = PBXBuildFile; fileRef = 36D27245213A05C500AF0ACE /* UITableView+Extensions.swift */; };
		36D2725D213A741500AF0ACE /* LockViewController.swift in Sources */ = {isa = PBXBuildFile; fileRef = 36D2725C213A741500AF0ACE /* LockViewController.swift */; };
		36D27260213BEFF700AF0ACE /* SplashViewController.swift in Sources */ = {isa = PBXBuildFile; fileRef = 36D2725F213BEFF700AF0ACE /* SplashViewController.swift */; };
		36D27262213BF28200AF0ACE /* SplashViewModel.swift in Sources */ = {isa = PBXBuildFile; fileRef = 36D27261213BF28200AF0ACE /* SplashViewModel.swift */; };
		36D27275213C4D9A00AF0ACE /* EventsViewController.swift in Sources */ = {isa = PBXBuildFile; fileRef = 36D27274213C4D9A00AF0ACE /* EventsViewController.swift */; };
		36D27277213C54CE00AF0ACE /* ViewModelType.swift in Sources */ = {isa = PBXBuildFile; fileRef = 36D27276213C54CE00AF0ACE /* ViewModelType.swift */; };
		36D2727D213CDD6600AF0ACE /* EventsViewModel.swift in Sources */ = {isa = PBXBuildFile; fileRef = 36D2727C213CDD6600AF0ACE /* EventsViewModel.swift */; };
		36EC1E7421382027007CE7E3 /* AppDelegate.swift in Sources */ = {isa = PBXBuildFile; fileRef = 36EC1E7321382027007CE7E3 /* AppDelegate.swift */; };
		36EC1E7B21382029007CE7E3 /* Assets.xcassets in Resources */ = {isa = PBXBuildFile; fileRef = 36EC1E7A21382029007CE7E3 /* Assets.xcassets */; };
		36EC1E7E21382029007CE7E3 /* LaunchScreen.storyboard in Resources */ = {isa = PBXBuildFile; fileRef = 36EC1E7C21382029007CE7E3 /* LaunchScreen.storyboard */; };
		36EC1E97213830D1007CE7E3 /* Application.swift in Sources */ = {isa = PBXBuildFile; fileRef = 36EC1E96213830D1007CE7E3 /* Application.swift */; };
		36EC1E9921383130007CE7E3 /* RootViewController.swift in Sources */ = {isa = PBXBuildFile; fileRef = 36EC1E9821383130007CE7E3 /* RootViewController.swift */; };
		36EDE4B121439A1300A07285 /* UserCoverTableViewCell.swift in Sources */ = {isa = PBXBuildFile; fileRef = 36EDE4B021439A1300A07285 /* UserCoverTableViewCell.swift */; };
		36EDE4B521439BFA00A07285 /* ReadmeTableViewCell.swift in Sources */ = {isa = PBXBuildFile; fileRef = 36EDE4B421439BFA00A07285 /* ReadmeTableViewCell.swift */; };
		36EDE4B721439C2000A07285 /* RepositoryInfoTableViewCell.swift in Sources */ = {isa = PBXBuildFile; fileRef = 36EDE4B621439C2000A07285 /* RepositoryInfoTableViewCell.swift */; };
		36EDE4BB2143A8D700A07285 /* UIColor+Extension.swift in Sources */ = {isa = PBXBuildFile; fileRef = 36EDE4BA2143A8D700A07285 /* UIColor+Extension.swift */; };
		36EDE4BD2144234700A07285 /* RepositoryInfoCell.swift in Sources */ = {isa = PBXBuildFile; fileRef = 36EDE4BC2144234700A07285 /* RepositoryInfoCell.swift */; };
		36EDE4BF214446C200A07285 /* ImageLabelCell.swift in Sources */ = {isa = PBXBuildFile; fileRef = 36EDE4BE214446C200A07285 /* ImageLabelCell.swift */; };
		BE6FC18AB9B4A129D1236498 /* Event.swift in Sources */ = {isa = PBXBuildFile; fileRef = BE6FC2E734BF855BF0D0D9EF /* Event.swift */; };
		BE6FC2F1EB8F5D0D1B9070ED /* ReadMe.swift in Sources */ = {isa = PBXBuildFile; fileRef = BE6FC37BC1D4C22A277CA7D0 /* ReadMe.swift */; };
		BE6FC86FB047566ACB26AB0B /* User.swift in Sources */ = {isa = PBXBuildFile; fileRef = BE6FCD0F4E38631F1DC6AD52 /* User.swift */; };
		BE6FCE76BD0CD333AE0A9DC0 /* Repository.swift in Sources */ = {isa = PBXBuildFile; fileRef = BE6FC0CAC3FEEF88459F1A7D /* Repository.swift */; };
		BF8CFF1930D53CA35932EF7B /* ReadmeHeaderView.swift in Sources */ = {isa = PBXBuildFile; fileRef = BF8CF6DD3533637F7BCCADF4 /* ReadmeHeaderView.swift */; };
		CC405016827A9D625BEDA270 /* Pods_Tutorial.framework in Frameworks */ = {isa = PBXBuildFile; fileRef = D18866EF25F2D31F00E52A21 /* Pods_Tutorial.framework */; };
		D17F804F25F2CBAA00EE8E9C /* SnapKit in Frameworks */ = {isa = PBXBuildFile; productRef = D17F804E25F2CBAA00EE8E9C /* SnapKit */; };
		D17F805925F2CC3100EE8E9C /* Nuke in Frameworks */ = {isa = PBXBuildFile; productRef = D17F805825F2CC3100EE8E9C /* Nuke */; };
		D18866E425F2CEB200E52A21 /* Domain in Frameworks */ = {isa = PBXBuildFile; productRef = D18866E325F2CEB200E52A21 /* Domain */; };
		D18866E625F2CEB700E52A21 /* NetworkPlatform in Frameworks */ = {isa = PBXBuildFile; productRef = D18866E525F2CEB700E52A21 /* NetworkPlatform */; };
		D1EFA19425F2CCAB004F1E7E /* RxDataSources in Frameworks */ = {isa = PBXBuildFile; productRef = D1EFA19325F2CCAB004F1E7E /* RxDataSources */; };
		D1EFA19625F2CCAB004F1E7E /* Differentiator in Frameworks */ = {isa = PBXBuildFile; productRef = D1EFA19525F2CCAB004F1E7E /* Differentiator */; };
		D1EFA19925F2CD17004F1E7E /* MarkdownView in Frameworks */ = {isa = PBXBuildFile; productRef = D1EFA19825F2CD17004F1E7E /* MarkdownView */; };
		D1FA58FD2309369A0065301B /* LoadingMask.swift in Sources */ = {isa = PBXBuildFile; fileRef = D1FA58FC2309369A0065301B /* LoadingMask.swift */; };
/* End PBXBuildFile section */

/* Begin PBXFileReference section */
		17C3D31EDE09E75A3E3FDB9F /* Pods-Tutorial.debug.xcconfig */ = {isa = PBXFileReference; includeInIndex = 1; lastKnownFileType = text.xcconfig; name = "Pods-Tutorial.debug.xcconfig"; path = "Pods/Target Support Files/Pods-Tutorial/Pods-Tutorial.debug.xcconfig"; sourceTree = "<group>"; };
		3635E563213D064400C10577 /* EventTableViewCell.swift */ = {isa = PBXFileReference; lastKnownFileType = sourcecode.swift; path = EventTableViewCell.swift; sourceTree = "<group>"; };
		3635E566213D0CD600C10577 /* ActivityIndicator.swift */ = {isa = PBXFileReference; lastKnownFileType = sourcecode.swift; path = ActivityIndicator.swift; sourceTree = "<group>"; };
		3635E568213D0CE000C10577 /* ErrorTracker.swift */ = {isa = PBXFileReference; lastKnownFileType = sourcecode.swift; path = ErrorTracker.swift; sourceTree = "<group>"; };
		3635E56A213D116200C10577 /* Observable+Extension.swift */ = {isa = PBXFileReference; lastKnownFileType = sourcecode.swift; path = "Observable+Extension.swift"; sourceTree = "<group>"; };
		3636B56E213D87E0007AD178 /* UIScroll+Rx.swift */ = {isa = PBXFileReference; lastKnownFileType = sourcecode.swift; path = "UIScroll+Rx.swift"; sourceTree = "<group>"; };
		3636B570213E398F007AD178 /* UIScroll+Extension.swift */ = {isa = PBXFileReference; lastKnownFileType = sourcecode.swift; path = "UIScroll+Extension.swift"; sourceTree = "<group>"; };
		363F86E0213EA8EC00C160A6 /* RepositoryViewController.swift */ = {isa = PBXFileReference; lastKnownFileType = sourcecode.swift; path = RepositoryViewController.swift; sourceTree = "<group>"; };
		363F86E2213EA90000C160A6 /* RepositoryViewModel.swift */ = {isa = PBXFileReference; lastKnownFileType = sourcecode.swift; path = RepositoryViewModel.swift; sourceTree = "<group>"; };
		363F86E621401AA100C160A6 /* MainNavigator.swift */ = {isa = PBXFileReference; lastKnownFileType = sourcecode.swift; path = MainNavigator.swift; sourceTree = "<group>"; };
		363F86EA21402FBE00C160A6 /* UIViewController+Extensions.swift */ = {isa = PBXFileReference; lastKnownFileType = sourcecode.swift; path = "UIViewController+Extensions.swift"; sourceTree = "<group>"; };
		36D27240213A051A00AF0ACE /* FadeTransitionable.swift */ = {isa = PBXFileReference; lastKnownFileType = sourcecode.swift; path = FadeTransitionable.swift; sourceTree = "<group>"; };
		36D27242213A058800AF0ACE /* Reusable.swift */ = {isa = PBXFileReference; lastKnownFileType = sourcecode.swift; path = Reusable.swift; sourceTree = "<group>"; };
		36D27245213A05C500AF0ACE /* UITableView+Extensions.swift */ = {isa = PBXFileReference; lastKnownFileType = sourcecode.swift; path = "UITableView+Extensions.swift"; sourceTree = "<group>"; };
		36D2725C213A741500AF0ACE /* LockViewController.swift */ = {isa = PBXFileReference; lastKnownFileType = sourcecode.swift; path = LockViewController.swift; sourceTree = "<group>"; };
		36D2725F213BEFF700AF0ACE /* SplashViewController.swift */ = {isa = PBXFileReference; lastKnownFileType = sourcecode.swift; path = SplashViewController.swift; sourceTree = "<group>"; };
		36D27261213BF28200AF0ACE /* SplashViewModel.swift */ = {isa = PBXFileReference; lastKnownFileType = sourcecode.swift; path = SplashViewModel.swift; sourceTree = "<group>"; };
		36D27274213C4D9A00AF0ACE /* EventsViewController.swift */ = {isa = PBXFileReference; lastKnownFileType = sourcecode.swift; path = EventsViewController.swift; sourceTree = "<group>"; };
		36D27276213C54CE00AF0ACE /* ViewModelType.swift */ = {isa = PBXFileReference; lastKnownFileType = sourcecode.swift; path = ViewModelType.swift; sourceTree = "<group>"; };
		36D2727C213CDD6600AF0ACE /* EventsViewModel.swift */ = {isa = PBXFileReference; lastKnownFileType = sourcecode.swift; path = EventsViewModel.swift; sourceTree = "<group>"; };
		36EC1E7021382027007CE7E3 /* Tutorial.app */ = {isa = PBXFileReference; explicitFileType = wrapper.application; includeInIndex = 0; path = Tutorial.app; sourceTree = BUILT_PRODUCTS_DIR; };
		36EC1E7321382027007CE7E3 /* AppDelegate.swift */ = {isa = PBXFileReference; lastKnownFileType = sourcecode.swift; path = AppDelegate.swift; sourceTree = "<group>"; };
		36EC1E7A21382029007CE7E3 /* Assets.xcassets */ = {isa = PBXFileReference; lastKnownFileType = folder.assetcatalog; path = Assets.xcassets; sourceTree = "<group>"; };
		36EC1E7D21382029007CE7E3 /* Base */ = {isa = PBXFileReference; lastKnownFileType = file.storyboard; name = Base; path = Base.lproj/LaunchScreen.storyboard; sourceTree = "<group>"; };
		36EC1E7F21382029007CE7E3 /* Info.plist */ = {isa = PBXFileReference; lastKnownFileType = text.plist.xml; path = Info.plist; sourceTree = "<group>"; };
		36EC1E96213830D1007CE7E3 /* Application.swift */ = {isa = PBXFileReference; lastKnownFileType = sourcecode.swift; path = Application.swift; sourceTree = "<group>"; };
		36EC1E9821383130007CE7E3 /* RootViewController.swift */ = {isa = PBXFileReference; lastKnownFileType = sourcecode.swift; path = RootViewController.swift; sourceTree = "<group>"; };
		36EDE4B021439A1300A07285 /* UserCoverTableViewCell.swift */ = {isa = PBXFileReference; lastKnownFileType = sourcecode.swift; path = UserCoverTableViewCell.swift; sourceTree = "<group>"; };
		36EDE4B421439BFA00A07285 /* ReadmeTableViewCell.swift */ = {isa = PBXFileReference; lastKnownFileType = sourcecode.swift; path = ReadmeTableViewCell.swift; sourceTree = "<group>"; };
		36EDE4B621439C2000A07285 /* RepositoryInfoTableViewCell.swift */ = {isa = PBXFileReference; lastKnownFileType = sourcecode.swift; path = RepositoryInfoTableViewCell.swift; sourceTree = "<group>"; };
		36EDE4BA2143A8D700A07285 /* UIColor+Extension.swift */ = {isa = PBXFileReference; lastKnownFileType = sourcecode.swift; path = "UIColor+Extension.swift"; sourceTree = "<group>"; };
		36EDE4BC2144234700A07285 /* RepositoryInfoCell.swift */ = {isa = PBXFileReference; lastKnownFileType = sourcecode.swift; path = RepositoryInfoCell.swift; sourceTree = "<group>"; };
		36EDE4BE214446C200A07285 /* ImageLabelCell.swift */ = {isa = PBXFileReference; lastKnownFileType = sourcecode.swift; path = ImageLabelCell.swift; sourceTree = "<group>"; };
		A799443D2679C5AF0081CAEF /* Tutorial.entitlements */ = {isa = PBXFileReference; lastKnownFileType = text.plist.entitlements; path = Tutorial.entitlements; sourceTree = "<group>"; };
		BE6FC0CAC3FEEF88459F1A7D /* Repository.swift */ = {isa = PBXFileReference; fileEncoding = 4; lastKnownFileType = sourcecode.swift; path = Repository.swift; sourceTree = "<group>"; };
		BE6FC2E734BF855BF0D0D9EF /* Event.swift */ = {isa = PBXFileReference; fileEncoding = 4; lastKnownFileType = sourcecode.swift; path = Event.swift; sourceTree = "<group>"; };
		BE6FC37BC1D4C22A277CA7D0 /* ReadMe.swift */ = {isa = PBXFileReference; fileEncoding = 4; lastKnownFileType = sourcecode.swift; path = ReadMe.swift; sourceTree = "<group>"; };
		BE6FCD0F4E38631F1DC6AD52 /* User.swift */ = {isa = PBXFileReference; fileEncoding = 4; lastKnownFileType = sourcecode.swift; path = User.swift; sourceTree = "<group>"; };
		BEC8DDBCE8DF1C7E5492B480 /* Pods-Tutorial.release.xcconfig */ = {isa = PBXFileReference; includeInIndex = 1; lastKnownFileType = text.xcconfig; name = "Pods-Tutorial.release.xcconfig"; path = "Pods/Target Support Files/Pods-Tutorial/Pods-Tutorial.release.xcconfig"; sourceTree = "<group>"; };
		BF8CF6DD3533637F7BCCADF4 /* ReadmeHeaderView.swift */ = {isa = PBXFileReference; fileEncoding = 4; lastKnownFileType = sourcecode.swift; path = ReadmeHeaderView.swift; sourceTree = "<group>"; };
		D17F804925F2C2DD00EE8E9C /* Domain */ = {isa = PBXFileReference; lastKnownFileType = folder; path = Domain; sourceTree = "<group>"; };
		D17F804B25F2C31B00EE8E9C /* NetworkPlatform */ = {isa = PBXFileReference; lastKnownFileType = folder; path = NetworkPlatform; sourceTree = "<group>"; };
		D18866EF25F2D31F00E52A21 /* Pods_Tutorial.framework */ = {isa = PBXFileReference; explicitFileType = wrapper.framework; path = Pods_Tutorial.framework; sourceTree = BUILT_PRODUCTS_DIR; };
		D1FA58FC2309369A0065301B /* LoadingMask.swift */ = {isa = PBXFileReference; lastKnownFileType = sourcecode.swift; path = LoadingMask.swift; sourceTree = "<group>"; };
/* End PBXFileReference section */

/* Begin PBXFrameworksBuildPhase section */
		36EC1E6D21382027007CE7E3 /* Frameworks */ = {
			isa = PBXFrameworksBuildPhase;
			buildActionMask = 2147483647;
			files = (
				D1EFA19925F2CD17004F1E7E /* MarkdownView in Frameworks */,
				D18866E625F2CEB700E52A21 /* NetworkPlatform in Frameworks */,
				D17F804F25F2CBAA00EE8E9C /* SnapKit in Frameworks */,
				D1EFA19625F2CCAB004F1E7E /* Differentiator in Frameworks */,
				D18866E425F2CEB200E52A21 /* Domain in Frameworks */,
				D1EFA19425F2CCAB004F1E7E /* RxDataSources in Frameworks */,
				D17F805925F2CC3100EE8E9C /* Nuke in Frameworks */,
				CC405016827A9D625BEDA270 /* Pods_Tutorial.framework in Frameworks */,
			);
			runOnlyForDeploymentPostprocessing = 0;
		};
/* End PBXFrameworksBuildPhase section */

/* Begin PBXGroup section */
		3635E565213D0CB900C10577 /* Utilities */ = {
			isa = PBXGroup;
			children = (
				3635E566213D0CD600C10577 /* ActivityIndicator.swift */,
				3635E568213D0CE000C10577 /* ErrorTracker.swift */,
			);
			path = Utilities;
			sourceTree = "<group>";
		};
		363F86DF213EA8BF00C160A6 /* Repo */ = {
			isa = PBXGroup;
			children = (
				363F86E0213EA8EC00C160A6 /* RepositoryViewController.swift */,
				363F86E2213EA90000C160A6 /* RepositoryViewModel.swift */,
				36EDE4B021439A1300A07285 /* UserCoverTableViewCell.swift */,
				36EDE4B421439BFA00A07285 /* ReadmeTableViewCell.swift */,
				36EDE4B621439C2000A07285 /* RepositoryInfoTableViewCell.swift */,
				36EDE4BC2144234700A07285 /* RepositoryInfoCell.swift */,
				36EDE4BE214446C200A07285 /* ImageLabelCell.swift */,
				BF8CF6DD3533637F7BCCADF4 /* ReadmeHeaderView.swift */,
			);
			path = Repo;
			sourceTree = "<group>";
		};
		36D2723C2139F07000AF0ACE /* Scenes */ = {
			isa = PBXGroup;
			children = (
				36EC1E9821383130007CE7E3 /* RootViewController.swift */,
				363F86E621401AA100C160A6 /* MainNavigator.swift */,
				36D2725E213BEFD600AF0ACE /* Splash */,
				36D2725B213A740200AF0ACE /* Lock */,
				36D27273213C4D8700AF0ACE /* Event */,
				363F86DF213EA8BF00C160A6 /* Repo */,
				D1FA58FC2309369A0065301B /* LoadingMask.swift */,
			);
			path = Scenes;
			sourceTree = "<group>";
		};
		36D2723E2139F10D00AF0ACE /* Resources */ = {
			isa = PBXGroup;
			children = (
				36EC1E7A21382029007CE7E3 /* Assets.xcassets */,
				36EC1E7C21382029007CE7E3 /* LaunchScreen.storyboard */,
			);
			path = Resources;
			sourceTree = "<group>";
		};
		36D2723F213A046400AF0ACE /* Protocols */ = {
			isa = PBXGroup;
			children = (
				36D27240213A051A00AF0ACE /* FadeTransitionable.swift */,
				36D27242213A058800AF0ACE /* Reusable.swift */,
				36D27276213C54CE00AF0ACE /* ViewModelType.swift */,
			);
			path = Protocols;
			sourceTree = "<group>";
		};
		36D27244213A05A900AF0ACE /* Extensions */ = {
			isa = PBXGroup;
			children = (
				36D27245213A05C500AF0ACE /* UITableView+Extensions.swift */,
				3635E56A213D116200C10577 /* Observable+Extension.swift */,
				3636B56E213D87E0007AD178 /* UIScroll+Rx.swift */,
				3636B570213E398F007AD178 /* UIScroll+Extension.swift */,
				363F86EA21402FBE00C160A6 /* UIViewController+Extensions.swift */,
				36EDE4BA2143A8D700A07285 /* UIColor+Extension.swift */,
			);
			path = Extensions;
			sourceTree = "<group>";
		};
		36D2725B213A740200AF0ACE /* Lock */ = {
			isa = PBXGroup;
			children = (
				36D2725C213A741500AF0ACE /* LockViewController.swift */,
			);
			path = Lock;
			sourceTree = "<group>";
		};
		36D2725E213BEFD600AF0ACE /* Splash */ = {
			isa = PBXGroup;
			children = (
				36D2725F213BEFF700AF0ACE /* SplashViewController.swift */,
				36D27261213BF28200AF0ACE /* SplashViewModel.swift */,
			);
			path = Splash;
			sourceTree = "<group>";
		};
		36D27273213C4D8700AF0ACE /* Event */ = {
			isa = PBXGroup;
			children = (
				36D27274213C4D9A00AF0ACE /* EventsViewController.swift */,
				36D2727C213CDD6600AF0ACE /* EventsViewModel.swift */,
				3635E563213D064400C10577 /* EventTableViewCell.swift */,
			);
			path = Event;
			sourceTree = "<group>";
		};
		36EC1E6721382027007CE7E3 = {
			isa = PBXGroup;
			children = (
				D17F804825F2C2B200EE8E9C /* Modules */,
				36EC1E7221382027007CE7E3 /* Tutorial */,
				36EC1E7121382027007CE7E3 /* Products */,
				A69CA5193EEAFA8F36C343C0 /* Pods */,
				D18866E225F2CEB200E52A21 /* Frameworks */,
			);
			sourceTree = "<group>";
		};
		36EC1E7121382027007CE7E3 /* Products */ = {
			isa = PBXGroup;
			children = (
				36EC1E7021382027007CE7E3 /* Tutorial.app */,
			);
			name = Products;
			sourceTree = "<group>";
		};
		36EC1E7221382027007CE7E3 /* Tutorial */ = {
			isa = PBXGroup;
			children = (
				A799443D2679C5AF0081CAEF /* Tutorial.entitlements */,
				36EC1E96213830D1007CE7E3 /* Application.swift */,
				36EC1E7321382027007CE7E3 /* AppDelegate.swift */,
				36EC1E7F21382029007CE7E3 /* Info.plist */,
				3635E565213D0CB900C10577 /* Utilities */,
				36D27244213A05A900AF0ACE /* Extensions */,
				36D2723F213A046400AF0ACE /* Protocols */,
				36D2723C2139F07000AF0ACE /* Scenes */,
				36D2723E2139F10D00AF0ACE /* Resources */,
				BE6FC37981F7E8ADCC41DF3C /* Model */,
			);
			path = Tutorial;
			sourceTree = "<group>";
		};
		A69CA5193EEAFA8F36C343C0 /* Pods */ = {
			isa = PBXGroup;
			children = (
				17C3D31EDE09E75A3E3FDB9F /* Pods-Tutorial.debug.xcconfig */,
				BEC8DDBCE8DF1C7E5492B480 /* Pods-Tutorial.release.xcconfig */,
			);
			name = Pods;
			sourceTree = "<group>";
		};
		BE6FC37981F7E8ADCC41DF3C /* Model */ = {
			isa = PBXGroup;
			children = (
				BE6FC2E734BF855BF0D0D9EF /* Event.swift */,
				BE6FC0CAC3FEEF88459F1A7D /* Repository.swift */,
				BE6FCD0F4E38631F1DC6AD52 /* User.swift */,
				BE6FC37BC1D4C22A277CA7D0 /* ReadMe.swift */,
			);
			path = Model;
			sourceTree = "<group>";
		};
		D17F804825F2C2B200EE8E9C /* Modules */ = {
			isa = PBXGroup;
			children = (
				D17F804B25F2C31B00EE8E9C /* NetworkPlatform */,
				D17F804925F2C2DD00EE8E9C /* Domain */,
			);
			path = Modules;
			sourceTree = "<group>";
		};
		D18866E225F2CEB200E52A21 /* Frameworks */ = {
			isa = PBXGroup;
			children = (
				D18866EF25F2D31F00E52A21 /* Pods_Tutorial.framework */,
			);
			name = Frameworks;
			sourceTree = "<group>";
		};
/* End PBXGroup section */

/* Begin PBXNativeTarget section */
		36EC1E6F21382027007CE7E3 /* Tutorial */ = {
			isa = PBXNativeTarget;
			buildConfigurationList = 36EC1E8221382029007CE7E3 /* Build configuration list for PBXNativeTarget "Tutorial" */;
			buildPhases = (
				F75AAA6F95AC0833DB394FAC /* [CP] Check Pods Manifest.lock */,
				36EC1E6C21382027007CE7E3 /* Sources */,
				36EC1E6D21382027007CE7E3 /* Frameworks */,
				36EC1E6E21382027007CE7E3 /* Resources */,
				8AD2EF1EBF97C5A7CA41AA5A /* [CP] Embed Pods Frameworks */,
			);
			buildRules = (
			);
			dependencies = (
			);
			name = Tutorial;
			packageProductDependencies = (
				D17F804E25F2CBAA00EE8E9C /* SnapKit */,
				D17F805825F2CC3100EE8E9C /* Nuke */,
				D1EFA19325F2CCAB004F1E7E /* RxDataSources */,
				D1EFA19525F2CCAB004F1E7E /* Differentiator */,
				D1EFA19825F2CD17004F1E7E /* MarkdownView */,
				D18866E325F2CEB200E52A21 /* Domain */,
				D18866E525F2CEB700E52A21 /* NetworkPlatform */,
			);
			productName = Tutorial;
			productReference = 36EC1E7021382027007CE7E3 /* Tutorial.app */;
			productType = "com.apple.product-type.application";
		};
/* End PBXNativeTarget section */

/* Begin PBXProject section */
		36EC1E6821382027007CE7E3 /* Project object */ = {
			isa = PBXProject;
			attributes = {
				LastSwiftUpdateCheck = 0940;
				LastUpgradeCheck = 0940;
				ORGANIZATIONNAME = "柵木奨";
				TargetAttributes = {
					36EC1E6F21382027007CE7E3 = {
						CreatedOnToolsVersion = 9.4.1;
					};
				};
			};
			buildConfigurationList = 36EC1E6B21382027007CE7E3 /* Build configuration list for PBXProject "Tutorial" */;
			compatibilityVersion = "Xcode 9.3";
			developmentRegion = en;
			hasScannedForEncodings = 0;
			knownRegions = (
				en,
				Base,
			);
			mainGroup = 36EC1E6721382027007CE7E3;
			packageReferences = (
				D17F804D25F2CBAA00EE8E9C /* XCRemoteSwiftPackageReference "SnapKit" */,
				D17F805725F2CC3100EE8E9C /* XCRemoteSwiftPackageReference "Nuke" */,
				D1EFA19225F2CCAB004F1E7E /* XCRemoteSwiftPackageReference "RxDataSources" */,
				D1EFA19725F2CD17004F1E7E /* XCRemoteSwiftPackageReference "MarkdownView" */,
			);
			productRefGroup = 36EC1E7121382027007CE7E3 /* Products */;
			projectDirPath = "";
			projectRoot = "";
			targets = (
				36EC1E6F21382027007CE7E3 /* Tutorial */,
			);
		};
/* End PBXProject section */

/* Begin PBXResourcesBuildPhase section */
		36EC1E6E21382027007CE7E3 /* Resources */ = {
			isa = PBXResourcesBuildPhase;
			buildActionMask = 2147483647;
			files = (
				36EC1E7E21382029007CE7E3 /* LaunchScreen.storyboard in Resources */,
				36EC1E7B21382029007CE7E3 /* Assets.xcassets in Resources */,
			);
			runOnlyForDeploymentPostprocessing = 0;
		};
/* End PBXResourcesBuildPhase section */

/* Begin PBXShellScriptBuildPhase section */
		8AD2EF1EBF97C5A7CA41AA5A /* [CP] Embed Pods Frameworks */ = {
			isa = PBXShellScriptBuildPhase;
			buildActionMask = 2147483647;
			files = (
			);
			inputFileListPaths = (
				"${PODS_ROOT}/Target Support Files/Pods-Tutorial/Pods-Tutorial-frameworks-${CONFIGURATION}-input-files.xcfilelist",
			);
			name = "[CP] Embed Pods Frameworks";
			outputFileListPaths = (
				"${PODS_ROOT}/Target Support Files/Pods-Tutorial/Pods-Tutorial-frameworks-${CONFIGURATION}-output-files.xcfilelist",
			);
			runOnlyForDeploymentPostprocessing = 0;
			shellPath = /bin/sh;
			shellScript = "\"${PODS_ROOT}/Target Support Files/Pods-Tutorial/Pods-Tutorial-frameworks.sh\"\n";
			showEnvVarsInLog = 0;
		};
		F75AAA6F95AC0833DB394FAC /* [CP] Check Pods Manifest.lock */ = {
			isa = PBXShellScriptBuildPhase;
			buildActionMask = 2147483647;
			files = (
			);
			inputPaths = (
				"${PODS_PODFILE_DIR_PATH}/Podfile.lock",
				"${PODS_ROOT}/Manifest.lock",
			);
			name = "[CP] Check Pods Manifest.lock";
			outputPaths = (
				"$(DERIVED_FILE_DIR)/Pods-Tutorial-checkManifestLockResult.txt",
			);
			runOnlyForDeploymentPostprocessing = 0;
			shellPath = /bin/sh;
			shellScript = "diff \"${PODS_PODFILE_DIR_PATH}/Podfile.lock\" \"${PODS_ROOT}/Manifest.lock\" > /dev/null\nif [ $? != 0 ] ; then\n    # print error to STDERR\n    echo \"error: The sandbox is not in sync with the Podfile.lock. Run 'pod install' or update your CocoaPods installation.\" >&2\n    exit 1\nfi\n# This output is used by Xcode 'outputs' to avoid re-running this script phase.\necho \"SUCCESS\" > \"${SCRIPT_OUTPUT_FILE_0}\"\n";
			showEnvVarsInLog = 0;
		};
/* End PBXShellScriptBuildPhase section */

/* Begin PBXSourcesBuildPhase section */
		36EC1E6C21382027007CE7E3 /* Sources */ = {
			isa = PBXSourcesBuildPhase;
			buildActionMask = 2147483647;
			files = (
				3635E564213D064400C10577 /* EventTableViewCell.swift in Sources */,
				36D27277213C54CE00AF0ACE /* ViewModelType.swift in Sources */,
				363F86E3213EA90000C160A6 /* RepositoryViewModel.swift in Sources */,
				36EC1E97213830D1007CE7E3 /* Application.swift in Sources */,
				3636B56F213D87E0007AD178 /* UIScroll+Rx.swift in Sources */,
				36EDE4B521439BFA00A07285 /* ReadmeTableViewCell.swift in Sources */,
				36D2725D213A741500AF0ACE /* LockViewController.swift in Sources */,
				36EDE4B721439C2000A07285 /* RepositoryInfoTableViewCell.swift in Sources */,
				36EDE4B121439A1300A07285 /* UserCoverTableViewCell.swift in Sources */,
				D1FA58FD2309369A0065301B /* LoadingMask.swift in Sources */,
				3635E569213D0CE000C10577 /* ErrorTracker.swift in Sources */,
				3635E56B213D116200C10577 /* Observable+Extension.swift in Sources */,
				36EC1E9921383130007CE7E3 /* RootViewController.swift in Sources */,
				36EDE4BF214446C200A07285 /* ImageLabelCell.swift in Sources */,
				36D27260213BEFF700AF0ACE /* SplashViewController.swift in Sources */,
				36EDE4BD2144234700A07285 /* RepositoryInfoCell.swift in Sources */,
				363F86EB21402FBE00C160A6 /* UIViewController+Extensions.swift in Sources */,
				363F86E1213EA8EC00C160A6 /* RepositoryViewController.swift in Sources */,
				36D2727D213CDD6600AF0ACE /* EventsViewModel.swift in Sources */,
				3636B571213E398F007AD178 /* UIScroll+Extension.swift in Sources */,
				36D27241213A051A00AF0ACE /* FadeTransitionable.swift in Sources */,
				36D27275213C4D9A00AF0ACE /* EventsViewController.swift in Sources */,
				3635E567213D0CD600C10577 /* ActivityIndicator.swift in Sources */,
				36D27246213A05C500AF0ACE /* UITableView+Extensions.swift in Sources */,
				36D27262213BF28200AF0ACE /* SplashViewModel.swift in Sources */,
				36EC1E7421382027007CE7E3 /* AppDelegate.swift in Sources */,
				36D27243213A058800AF0ACE /* Reusable.swift in Sources */,
				36EDE4BB2143A8D700A07285 /* UIColor+Extension.swift in Sources */,
				363F86E721401AA100C160A6 /* MainNavigator.swift in Sources */,
				BF8CFF1930D53CA35932EF7B /* ReadmeHeaderView.swift in Sources */,
				BE6FC18AB9B4A129D1236498 /* Event.swift in Sources */,
				BE6FCE76BD0CD333AE0A9DC0 /* Repository.swift in Sources */,
				BE6FC86FB047566ACB26AB0B /* User.swift in Sources */,
				BE6FC2F1EB8F5D0D1B9070ED /* ReadMe.swift in Sources */,
			);
			runOnlyForDeploymentPostprocessing = 0;
		};
/* End PBXSourcesBuildPhase section */

/* Begin PBXVariantGroup section */
		36EC1E7C21382029007CE7E3 /* LaunchScreen.storyboard */ = {
			isa = PBXVariantGroup;
			children = (
				36EC1E7D21382029007CE7E3 /* Base */,
			);
			name = LaunchScreen.storyboard;
			sourceTree = "<group>";
		};
/* End PBXVariantGroup section */

/* Begin XCBuildConfiguration section */
		36EC1E8021382029007CE7E3 /* Debug */ = {
			isa = XCBuildConfiguration;
			buildSettings = {
				ALWAYS_SEARCH_USER_PATHS = NO;
				CLANG_ANALYZER_NONNULL = YES;
				CLANG_ANALYZER_NUMBER_OBJECT_CONVERSION = YES_AGGRESSIVE;
				CLANG_CXX_LANGUAGE_STANDARD = "gnu++14";
				CLANG_CXX_LIBRARY = "libc++";
				CLANG_ENABLE_MODULES = YES;
				CLANG_ENABLE_OBJC_ARC = YES;
				CLANG_ENABLE_OBJC_WEAK = YES;
				CLANG_WARN_BLOCK_CAPTURE_AUTORELEASING = YES;
				CLANG_WARN_BOOL_CONVERSION = YES;
				CLANG_WARN_COMMA = YES;
				CLANG_WARN_CONSTANT_CONVERSION = YES;
				CLANG_WARN_DEPRECATED_OBJC_IMPLEMENTATIONS = YES;
				CLANG_WARN_DIRECT_OBJC_ISA_USAGE = YES_ERROR;
				CLANG_WARN_DOCUMENTATION_COMMENTS = YES;
				CLANG_WARN_EMPTY_BODY = YES;
				CLANG_WARN_ENUM_CONVERSION = YES;
				CLANG_WARN_INFINITE_RECURSION = YES;
				CLANG_WARN_INT_CONVERSION = YES;
				CLANG_WARN_NON_LITERAL_NULL_CONVERSION = YES;
				CLANG_WARN_OBJC_IMPLICIT_RETAIN_SELF = YES;
				CLANG_WARN_OBJC_LITERAL_CONVERSION = YES;
				CLANG_WARN_OBJC_ROOT_CLASS = YES_ERROR;
				CLANG_WARN_RANGE_LOOP_ANALYSIS = YES;
				CLANG_WARN_STRICT_PROTOTYPES = YES;
				CLANG_WARN_SUSPICIOUS_MOVE = YES;
				CLANG_WARN_UNGUARDED_AVAILABILITY = YES_AGGRESSIVE;
				CLANG_WARN_UNREACHABLE_CODE = YES;
				CLANG_WARN__DUPLICATE_METHOD_MATCH = YES;
				CODE_SIGN_IDENTITY = "iPhone Developer";
				COPY_PHASE_STRIP = NO;
				DEBUG_INFORMATION_FORMAT = dwarf;
				ENABLE_STRICT_OBJC_MSGSEND = YES;
				ENABLE_TESTABILITY = YES;
				GCC_C_LANGUAGE_STANDARD = gnu11;
				GCC_DYNAMIC_NO_PIC = NO;
				GCC_NO_COMMON_BLOCKS = YES;
				GCC_OPTIMIZATION_LEVEL = 0;
				GCC_PREPROCESSOR_DEFINITIONS = (
					"DEBUG=1",
					"$(inherited)",
				);
				GCC_WARN_64_TO_32_BIT_CONVERSION = YES;
				GCC_WARN_ABOUT_RETURN_TYPE = YES_ERROR;
				GCC_WARN_UNDECLARED_SELECTOR = YES;
				GCC_WARN_UNINITIALIZED_AUTOS = YES_AGGRESSIVE;
				GCC_WARN_UNUSED_FUNCTION = YES;
				GCC_WARN_UNUSED_VARIABLE = YES;
				IPHONEOS_DEPLOYMENT_TARGET = 13.0;
				MTL_ENABLE_DEBUG_INFO = YES;
				ONLY_ACTIVE_ARCH = YES;
				SDKROOT = iphoneos;
				SWIFT_ACTIVE_COMPILATION_CONDITIONS = DEBUG;
				SWIFT_OPTIMIZATION_LEVEL = "-Onone";
			};
			name = Debug;
		};
		36EC1E8121382029007CE7E3 /* Release */ = {
			isa = XCBuildConfiguration;
			buildSettings = {
				ALWAYS_SEARCH_USER_PATHS = NO;
				CLANG_ANALYZER_NONNULL = YES;
				CLANG_ANALYZER_NUMBER_OBJECT_CONVERSION = YES_AGGRESSIVE;
				CLANG_CXX_LANGUAGE_STANDARD = "gnu++14";
				CLANG_CXX_LIBRARY = "libc++";
				CLANG_ENABLE_MODULES = YES;
				CLANG_ENABLE_OBJC_ARC = YES;
				CLANG_ENABLE_OBJC_WEAK = YES;
				CLANG_WARN_BLOCK_CAPTURE_AUTORELEASING = YES;
				CLANG_WARN_BOOL_CONVERSION = YES;
				CLANG_WARN_COMMA = YES;
				CLANG_WARN_CONSTANT_CONVERSION = YES;
				CLANG_WARN_DEPRECATED_OBJC_IMPLEMENTATIONS = YES;
				CLANG_WARN_DIRECT_OBJC_ISA_USAGE = YES_ERROR;
				CLANG_WARN_DOCUMENTATION_COMMENTS = YES;
				CLANG_WARN_EMPTY_BODY = YES;
				CLANG_WARN_ENUM_CONVERSION = YES;
				CLANG_WARN_INFINITE_RECURSION = YES;
				CLANG_WARN_INT_CONVERSION = YES;
				CLANG_WARN_NON_LITERAL_NULL_CONVERSION = YES;
				CLANG_WARN_OBJC_IMPLICIT_RETAIN_SELF = YES;
				CLANG_WARN_OBJC_LITERAL_CONVERSION = YES;
				CLANG_WARN_OBJC_ROOT_CLASS = YES_ERROR;
				CLANG_WARN_RANGE_LOOP_ANALYSIS = YES;
				CLANG_WARN_STRICT_PROTOTYPES = YES;
				CLANG_WARN_SUSPICIOUS_MOVE = YES;
				CLANG_WARN_UNGUARDED_AVAILABILITY = YES_AGGRESSIVE;
				CLANG_WARN_UNREACHABLE_CODE = YES;
				CLANG_WARN__DUPLICATE_METHOD_MATCH = YES;
				CODE_SIGN_IDENTITY = "iPhone Developer";
				COPY_PHASE_STRIP = NO;
				DEBUG_INFORMATION_FORMAT = "dwarf-with-dsym";
				ENABLE_NS_ASSERTIONS = NO;
				ENABLE_STRICT_OBJC_MSGSEND = YES;
				GCC_C_LANGUAGE_STANDARD = gnu11;
				GCC_NO_COMMON_BLOCKS = YES;
				GCC_WARN_64_TO_32_BIT_CONVERSION = YES;
				GCC_WARN_ABOUT_RETURN_TYPE = YES_ERROR;
				GCC_WARN_UNDECLARED_SELECTOR = YES;
				GCC_WARN_UNINITIALIZED_AUTOS = YES_AGGRESSIVE;
				GCC_WARN_UNUSED_FUNCTION = YES;
				GCC_WARN_UNUSED_VARIABLE = YES;
				IPHONEOS_DEPLOYMENT_TARGET = 13.0;
				MTL_ENABLE_DEBUG_INFO = NO;
				SDKROOT = iphoneos;
				SWIFT_COMPILATION_MODE = wholemodule;
				SWIFT_OPTIMIZATION_LEVEL = "-O";
				VALIDATE_PRODUCT = YES;
			};
			name = Release;
		};
		36EC1E8321382029007CE7E3 /* Debug */ = {
			isa = XCBuildConfiguration;
			baseConfigurationReference = 17C3D31EDE09E75A3E3FDB9F /* Pods-Tutorial.debug.xcconfig */;
			buildSettings = {
				ASSETCATALOG_COMPILER_APPICON_NAME = AppIcon;
				CODE_SIGN_ENTITLEMENTS = Tutorial/Tutorial.entitlements;
				CODE_SIGN_STYLE = Automatic;
				DEVELOPMENT_TEAM = "";
				FRAMEWORK_SEARCH_PATHS = "$(inherited)";
				INFOPLIST_FILE = Tutorial/Info.plist;
				IPHONEOS_DEPLOYMENT_TARGET = 13.4;
				LD_RUNPATH_SEARCH_PATHS = (
					"$(inherited)",
					"@executable_path/Frameworks",
				);
				PRODUCT_BUNDLE_IDENTIFIER = masegi.sho.Tutorial;
				PRODUCT_NAME = "$(TARGET_NAME)";
				SWIFT_VERSION = 5.0;
				TARGETED_DEVICE_FAMILY = 1;
			};
			name = Debug;
		};
		36EC1E8421382029007CE7E3 /* Release */ = {
			isa = XCBuildConfiguration;
			baseConfigurationReference = BEC8DDBCE8DF1C7E5492B480 /* Pods-Tutorial.release.xcconfig */;
			buildSettings = {
				ASSETCATALOG_COMPILER_APPICON_NAME = AppIcon;
				CODE_SIGN_ENTITLEMENTS = Tutorial/Tutorial.entitlements;
				CODE_SIGN_STYLE = Automatic;
				DEVELOPMENT_TEAM = "";
				FRAMEWORK_SEARCH_PATHS = "$(inherited)";
				INFOPLIST_FILE = Tutorial/Info.plist;
				IPHONEOS_DEPLOYMENT_TARGET = 13.4;
				LD_RUNPATH_SEARCH_PATHS = (
					"$(inherited)",
					"@executable_path/Frameworks",
				);
				PRODUCT_BUNDLE_IDENTIFIER = masegi.sho.Tutorial;
				PRODUCT_NAME = "$(TARGET_NAME)";
				SWIFT_VERSION = 5.0;
				TARGETED_DEVICE_FAMILY = 1;
			};
			name = Release;
		};
/* End XCBuildConfiguration section */

/* Begin XCConfigurationList section */
		36EC1E6B21382027007CE7E3 /* Build configuration list for PBXProject "Tutorial" */ = {
			isa = XCConfigurationList;
			buildConfigurations = (
				36EC1E8021382029007CE7E3 /* Debug */,
				36EC1E8121382029007CE7E3 /* Release */,
			);
			defaultConfigurationIsVisible = 0;
			defaultConfigurationName = Release;
		};
		36EC1E8221382029007CE7E3 /* Build configuration list for PBXNativeTarget "Tutorial" */ = {
			isa = XCConfigurationList;
			buildConfigurations = (
				36EC1E8321382029007CE7E3 /* Debug */,
				36EC1E8421382029007CE7E3 /* Release */,
			);
			defaultConfigurationIsVisible = 0;
			defaultConfigurationName = Release;
		};
/* End XCConfigurationList section */

/* Begin XCRemoteSwiftPackageReference section */
		D17F804D25F2CBAA00EE8E9C /* XCRemoteSwiftPackageReference "SnapKit" */ = {
			isa = XCRemoteSwiftPackageReference;
			repositoryURL = "https://github.com/SnapKit/SnapKit";
			requirement = {
				kind = exactVersion;
				version = 5.0.1;
			};
		};
		D17F805725F2CC3100EE8E9C /* XCRemoteSwiftPackageReference "Nuke" */ = {
			isa = XCRemoteSwiftPackageReference;
			repositoryURL = "https://github.com/kean/Nuke";
			requirement = {
				kind = exactVersion;
				version = 8.4.1;
			};
		};
		D1EFA19225F2CCAB004F1E7E /* XCRemoteSwiftPackageReference "RxDataSources" */ = {
			isa = XCRemoteSwiftPackageReference;
			repositoryURL = "https://github.com/RxSwiftCommunity/RxDataSources";
			requirement = {
				kind = exactVersion;
				version = 4.0.1;
			};
		};
		D1EFA19725F2CD17004F1E7E /* XCRemoteSwiftPackageReference "MarkdownView" */ = {
			isa = XCRemoteSwiftPackageReference;
			repositoryURL = "https://github.com/keitaoouchi/MarkdownView";
			requirement = {
				kind = exactVersion;
				version = 1.7.1;
			};
		};
/* End XCRemoteSwiftPackageReference section */

/* Begin XCSwiftPackageProductDependency section */
		D17F804E25F2CBAA00EE8E9C /* SnapKit */ = {
			isa = XCSwiftPackageProductDependency;
			package = D17F804D25F2CBAA00EE8E9C /* XCRemoteSwiftPackageReference "SnapKit" */;
			productName = SnapKit;
		};
		D17F805825F2CC3100EE8E9C /* Nuke */ = {
			isa = XCSwiftPackageProductDependency;
			package = D17F805725F2CC3100EE8E9C /* XCRemoteSwiftPackageReference "Nuke" */;
			productName = Nuke;
		};
		D18866E325F2CEB200E52A21 /* Domain */ = {
			isa = XCSwiftPackageProductDependency;
			productName = Domain;
		};
		D18866E525F2CEB700E52A21 /* NetworkPlatform */ = {
			isa = XCSwiftPackageProductDependency;
			productName = NetworkPlatform;
		};
		D1EFA19325F2CCAB004F1E7E /* RxDataSources */ = {
			isa = XCSwiftPackageProductDependency;
			package = D1EFA19225F2CCAB004F1E7E /* XCRemoteSwiftPackageReference "RxDataSources" */;
			productName = RxDataSources;
		};
		D1EFA19525F2CCAB004F1E7E /* Differentiator */ = {
			isa = XCSwiftPackageProductDependency;
			package = D1EFA19225F2CCAB004F1E7E /* XCRemoteSwiftPackageReference "RxDataSources" */;
			productName = Differentiator;
		};
		D1EFA19825F2CD17004F1E7E /* MarkdownView */ = {
			isa = XCSwiftPackageProductDependency;
			package = D1EFA19725F2CD17004F1E7E /* XCRemoteSwiftPackageReference "MarkdownView" */;
			productName = MarkdownView;
		};
/* End XCSwiftPackageProductDependency section */
	};
	rootObject = 36EC1E6821382027007CE7E3 /* Project object */;
}
